// !$*UTF8*$!
{
	archiveVersion = 1;
	classes = {
	};
	objectVersion = 46;
	objects = {

/* Begin PBXBuildFile section */
		BCAC2ABD1AEAB97E0058F2B0 /* main.m in Sources */ = {isa = PBXBuildFile; fileRef = BCAC2ABC1AEAB97E0058F2B0 /* main.m */; };
		BCAC2AC01AEAB97E0058F2B0 /* AppDelegate.m in Sources */ = {isa = PBXBuildFile; fileRef = BCAC2ABF1AEAB97E0058F2B0 /* AppDelegate.m */; };
		BCAC2AC31AEAB97E0058F2B0 /* MainViewController.m in Sources */ = {isa = PBXBuildFile; fileRef = BCAC2AC21AEAB97E0058F2B0 /* MainViewController.m */; };
		BCAC2AC81AEAB97E0058F2B0 /* Images.xcassets in Resources */ = {isa = PBXBuildFile; fileRef = BCAC2AC71AEAB97E0058F2B0 /* Images.xcassets */; };
		BCAC2ACB1AEAB97E0058F2B0 /* LaunchScreen.xib in Resources */ = {isa = PBXBuildFile; fileRef = BCAC2AC91AEAB97E0058F2B0 /* LaunchScreen.xib */; };
		BCAC2AD71AEAB97E0058F2B0 /* RKExampleTests.m in Sources */ = {isa = PBXBuildFile; fileRef = BCAC2AD61AEAB97E0058F2B0 /* RKExampleTests.m */; };
/* End PBXBuildFile section */

/* Begin PBXContainerItemProxy section */
		BC8BB7541B0BCA65004CED33 /* PBXContainerItemProxy */ = {
			isa = PBXContainerItemProxy;
			containerPortal = BC8BB74E1B0BCA65004CED33 /* ResearchKit.xcodeproj */;
			proxyType = 2;
			remoteGlobalIDString = B183A5951A8535D100C76870;
			remoteInfo = ResearchKit;
		};
		BC8BB7561B0BCA65004CED33 /* PBXContainerItemProxy */ = {
			isa = PBXContainerItemProxy;
			containerPortal = BC8BB74E1B0BCA65004CED33 /* ResearchKit.xcodeproj */;
			proxyType = 2;
			remoteGlobalIDString = 86CC8E9A1AC09332001CCD89;
			remoteInfo = ResearchKitTests;
		};
		BCAC2AD11AEAB97E0058F2B0 /* PBXContainerItemProxy */ = {
			isa = PBXContainerItemProxy;
			containerPortal = BCAC2AAF1AEAB97D0058F2B0 /* Project object */;
			proxyType = 1;
			remoteGlobalIDString = BCAC2AB61AEAB97D0058F2B0;
			remoteInfo = RKExample;
		};
/* End PBXContainerItemProxy section */

/* Begin PBXCopyFilesBuildPhase section */
		BCAC2AF31AEABC860058F2B0 /* Embed Frameworks */ = {
			isa = PBXCopyFilesBuildPhase;
			buildActionMask = 2147483647;
			dstPath = "";
			dstSubfolderSpec = 10;
			files = (
			);
			name = "Embed Frameworks";
			runOnlyForDeploymentPostprocessing = 0;
		};
/* End PBXCopyFilesBuildPhase section */

/* Begin PBXFileReference section */
		BC8BB74E1B0BCA65004CED33 /* ResearchKit.xcodeproj */ = {isa = PBXFileReference; lastKnownFileType = "wrapper.pb-project"; name = ResearchKit.xcodeproj; path = ResearchKit/ResearchKit.xcodeproj; sourceTree = "<group>"; };
		BCAC2AB71AEAB97D0058F2B0 /* RKExample.app */ = {isa = PBXFileReference; explicitFileType = wrapper.application; includeInIndex = 0; path = RKExample.app; sourceTree = BUILT_PRODUCTS_DIR; };
		BCAC2ABB1AEAB97E0058F2B0 /* Info.plist */ = {isa = PBXFileReference; lastKnownFileType = text.plist.xml; path = Info.plist; sourceTree = "<group>"; };
		BCAC2ABC1AEAB97E0058F2B0 /* main.m */ = {isa = PBXFileReference; lastKnownFileType = sourcecode.c.objc; path = main.m; sourceTree = "<group>"; };
		BCAC2ABE1AEAB97E0058F2B0 /* AppDelegate.h */ = {isa = PBXFileReference; lastKnownFileType = sourcecode.c.h; path = AppDelegate.h; sourceTree = "<group>"; };
		BCAC2ABF1AEAB97E0058F2B0 /* AppDelegate.m */ = {isa = PBXFileReference; lastKnownFileType = sourcecode.c.objc; path = AppDelegate.m; sourceTree = "<group>"; };
		BCAC2AC11AEAB97E0058F2B0 /* MainViewController.h */ = {isa = PBXFileReference; lastKnownFileType = sourcecode.c.h; path = MainViewController.h; sourceTree = "<group>"; };
		BCAC2AC21AEAB97E0058F2B0 /* MainViewController.m */ = {isa = PBXFileReference; lastKnownFileType = sourcecode.c.objc; path = MainViewController.m; sourceTree = "<group>"; };
		BCAC2AC71AEAB97E0058F2B0 /* Images.xcassets */ = {isa = PBXFileReference; lastKnownFileType = folder.assetcatalog; path = Images.xcassets; sourceTree = "<group>"; };
		BCAC2ACA1AEAB97E0058F2B0 /* Base */ = {isa = PBXFileReference; lastKnownFileType = file.xib; name = Base; path = Base.lproj/LaunchScreen.xib; sourceTree = "<group>"; };
		BCAC2AD01AEAB97E0058F2B0 /* RKExampleTests.xctest */ = {isa = PBXFileReference; explicitFileType = wrapper.cfbundle; includeInIndex = 0; path = RKExampleTests.xctest; sourceTree = BUILT_PRODUCTS_DIR; };
		BCAC2AD51AEAB97E0058F2B0 /* Info.plist */ = {isa = PBXFileReference; lastKnownFileType = text.plist.xml; path = Info.plist; sourceTree = "<group>"; };
		BCAC2AD61AEAB97E0058F2B0 /* RKExampleTests.m */ = {isa = PBXFileReference; lastKnownFileType = sourcecode.c.objc; path = RKExampleTests.m; sourceTree = "<group>"; };
/* End PBXFileReference section */

/* Begin PBXFrameworksBuildPhase section */
		BCAC2AB41AEAB97D0058F2B0 /* Frameworks */ = {
			isa = PBXFrameworksBuildPhase;
			buildActionMask = 2147483647;
			files = (
			);
			runOnlyForDeploymentPostprocessing = 0;
		};
		BCAC2ACD1AEAB97E0058F2B0 /* Frameworks */ = {
			isa = PBXFrameworksBuildPhase;
			buildActionMask = 2147483647;
			files = (
			);
			runOnlyForDeploymentPostprocessing = 0;
		};
/* End PBXFrameworksBuildPhase section */

/* Begin PBXGroup section */
		BC8BB74D1B0BCA58004CED33 /* Frameworks */ = {
			isa = PBXGroup;
			children = (
				BC8BB74E1B0BCA65004CED33 /* ResearchKit.xcodeproj */,
			);
			name = Frameworks;
			sourceTree = "<group>";
		};
		BC8BB74F1B0BCA65004CED33 /* Products */ = {
			isa = PBXGroup;
			children = (
				BC8BB7551B0BCA65004CED33 /* ResearchKit.framework */,
				BC8BB7571B0BCA65004CED33 /* ResearchKitTests.xctest */,
			);
			name = Products;
			sourceTree = "<group>";
		};
		BCAC2AAE1AEAB97D0058F2B0 = {
			isa = PBXGroup;
			children = (
				BC8BB74D1B0BCA58004CED33 /* Frameworks */,
				BCAC2AB91AEAB97D0058F2B0 /* RKExample */,
				BCAC2AD31AEAB97E0058F2B0 /* RKExampleTests */,
				BCAC2AB81AEAB97D0058F2B0 /* Products */,
			);
			sourceTree = "<group>";
		};
		BCAC2AB81AEAB97D0058F2B0 /* Products */ = {
			isa = PBXGroup;
			children = (
				BCAC2AB71AEAB97D0058F2B0 /* RKExample.app */,
				BCAC2AD01AEAB97E0058F2B0 /* RKExampleTests.xctest */,
			);
			name = Products;
			sourceTree = "<group>";
		};
		BCAC2AB91AEAB97D0058F2B0 /* RKExample */ = {
			isa = PBXGroup;
			children = (
				BCAC2ABE1AEAB97E0058F2B0 /* AppDelegate.h */,
				BCAC2ABF1AEAB97E0058F2B0 /* AppDelegate.m */,
				BCAC2AC11AEAB97E0058F2B0 /* MainViewController.h */,
				BCAC2AC21AEAB97E0058F2B0 /* MainViewController.m */,
				BCAC2AC71AEAB97E0058F2B0 /* Images.xcassets */,
				BCAC2AC91AEAB97E0058F2B0 /* LaunchScreen.xib */,
				BCAC2ABA1AEAB97E0058F2B0 /* Supporting Files */,
			);
			path = RKExample;
			sourceTree = "<group>";
		};
		BCAC2ABA1AEAB97E0058F2B0 /* Supporting Files */ = {
			isa = PBXGroup;
			children = (
				BCAC2ABB1AEAB97E0058F2B0 /* Info.plist */,
				BCAC2ABC1AEAB97E0058F2B0 /* main.m */,
			);
			name = "Supporting Files";
			sourceTree = "<group>";
		};
		BCAC2AD31AEAB97E0058F2B0 /* RKExampleTests */ = {
			isa = PBXGroup;
			children = (
				BCAC2AD61AEAB97E0058F2B0 /* RKExampleTests.m */,
				BCAC2AD41AEAB97E0058F2B0 /* Supporting Files */,
			);
			path = RKExampleTests;
			sourceTree = "<group>";
		};
		BCAC2AD41AEAB97E0058F2B0 /* Supporting Files */ = {
			isa = PBXGroup;
			children = (
				BCAC2AD51AEAB97E0058F2B0 /* Info.plist */,
			);
			name = "Supporting Files";
			sourceTree = "<group>";
		};
/* End PBXGroup section */

/* Begin PBXNativeTarget section */
		BCAC2AB61AEAB97D0058F2B0 /* RKExample */ = {
			isa = PBXNativeTarget;
			buildConfigurationList = BCAC2ADA1AEAB97E0058F2B0 /* Build configuration list for PBXNativeTarget "RKExample" */;
			buildPhases = (
				BCAC2AB31AEAB97D0058F2B0 /* Sources */,
				BCAC2AB41AEAB97D0058F2B0 /* Frameworks */,
				BCAC2AB51AEAB97D0058F2B0 /* Resources */,
				BCAC2AF31AEABC860058F2B0 /* Embed Frameworks */,
			);
			buildRules = (
			);
			dependencies = (
			);
			name = RKExample;
			productName = RKExample;
			productReference = BCAC2AB71AEAB97D0058F2B0 /* RKExample.app */;
			productType = "com.apple.product-type.application";
		};
		BCAC2ACF1AEAB97E0058F2B0 /* RKExampleTests */ = {
			isa = PBXNativeTarget;
			buildConfigurationList = BCAC2ADD1AEAB97E0058F2B0 /* Build configuration list for PBXNativeTarget "RKExampleTests" */;
			buildPhases = (
				BCAC2ACC1AEAB97E0058F2B0 /* Sources */,
				BCAC2ACD1AEAB97E0058F2B0 /* Frameworks */,
				BCAC2ACE1AEAB97E0058F2B0 /* Resources */,
			);
			buildRules = (
			);
			dependencies = (
				BCAC2AD21AEAB97E0058F2B0 /* PBXTargetDependency */,
			);
			name = RKExampleTests;
			productName = RKExampleTests;
			productReference = BCAC2AD01AEAB97E0058F2B0 /* RKExampleTests.xctest */;
			productType = "com.apple.product-type.bundle.unit-test";
		};
/* End PBXNativeTarget section */

/* Begin PBXProject section */
		BCAC2AAF1AEAB97D0058F2B0 /* Project object */ = {
			isa = PBXProject;
			attributes = {
				LastUpgradeCheck = 0630;
				ORGANIZATIONNAME = "Ricardo Sánchez-Sáez";
				TargetAttributes = {
					BCAC2AB61AEAB97D0058F2B0 = {
						CreatedOnToolsVersion = 6.3.1;
					};
					BCAC2ACF1AEAB97E0058F2B0 = {
						CreatedOnToolsVersion = 6.3.1;
						TestTargetID = BCAC2AB61AEAB97D0058F2B0;
					};
				};
			};
			buildConfigurationList = BCAC2AB21AEAB97D0058F2B0 /* Build configuration list for PBXProject "RKExample" */;
			compatibilityVersion = "Xcode 3.2";
			developmentRegion = English;
			hasScannedForEncodings = 0;
			knownRegions = (
				en,
				Base,
			);
			mainGroup = BCAC2AAE1AEAB97D0058F2B0;
			productRefGroup = BCAC2AB81AEAB97D0058F2B0 /* Products */;
			projectDirPath = "";
			projectReferences = (
				{
					ProductGroup = BC8BB74F1B0BCA65004CED33 /* Products */;
					ProjectRef = BC8BB74E1B0BCA65004CED33 /* ResearchKit.xcodeproj */;
				},
			);
			projectRoot = "";
			targets = (
				BCAC2AB61AEAB97D0058F2B0 /* RKExample */,
				BCAC2ACF1AEAB97E0058F2B0 /* RKExampleTests */,
			);
		};
/* End PBXProject section */

/* Begin PBXReferenceProxy section */
		BC8BB7551B0BCA65004CED33 /* ResearchKit.framework */ = {
			isa = PBXReferenceProxy;
			fileType = wrapper.framework;
			path = ResearchKit.framework;
			remoteRef = BC8BB7541B0BCA65004CED33 /* PBXContainerItemProxy */;
			sourceTree = BUILT_PRODUCTS_DIR;
		};
		BC8BB7571B0BCA65004CED33 /* ResearchKitTests.xctest */ = {
			isa = PBXReferenceProxy;
			fileType = wrapper.cfbundle;
			path = ResearchKitTests.xctest;
			remoteRef = BC8BB7561B0BCA65004CED33 /* PBXContainerItemProxy */;
			sourceTree = BUILT_PRODUCTS_DIR;
		};
/* End PBXReferenceProxy section */

/* Begin PBXResourcesBuildPhase section */
		BCAC2AB51AEAB97D0058F2B0 /* Resources */ = {
			isa = PBXResourcesBuildPhase;
			buildActionMask = 2147483647;
			files = (
				BCAC2ACB1AEAB97E0058F2B0 /* LaunchScreen.xib in Resources */,
				BCAC2AC81AEAB97E0058F2B0 /* Images.xcassets in Resources */,
			);
			runOnlyForDeploymentPostprocessing = 0;
		};
		BCAC2ACE1AEAB97E0058F2B0 /* Resources */ = {
			isa = PBXResourcesBuildPhase;
			buildActionMask = 2147483647;
			files = (
			);
			runOnlyForDeploymentPostprocessing = 0;
		};
/* End PBXResourcesBuildPhase section */

/* Begin PBXSourcesBuildPhase section */
		BCAC2AB31AEAB97D0058F2B0 /* Sources */ = {
			isa = PBXSourcesBuildPhase;
			buildActionMask = 2147483647;
			files = (
				BCAC2AC31AEAB97E0058F2B0 /* MainViewController.m in Sources */,
				BCAC2AC01AEAB97E0058F2B0 /* AppDelegate.m in Sources */,
				BCAC2ABD1AEAB97E0058F2B0 /* main.m in Sources */,
			);
			runOnlyForDeploymentPostprocessing = 0;
		};
		BCAC2ACC1AEAB97E0058F2B0 /* Sources */ = {
			isa = PBXSourcesBuildPhase;
			buildActionMask = 2147483647;
			files = (
				BCAC2AD71AEAB97E0058F2B0 /* RKExampleTests.m in Sources */,
			);
			runOnlyForDeploymentPostprocessing = 0;
		};
/* End PBXSourcesBuildPhase section */

/* Begin PBXTargetDependency section */
		BCAC2AD21AEAB97E0058F2B0 /* PBXTargetDependency */ = {
			isa = PBXTargetDependency;
			target = BCAC2AB61AEAB97D0058F2B0 /* RKExample */;
			targetProxy = BCAC2AD11AEAB97E0058F2B0 /* PBXContainerItemProxy */;
		};
/* End PBXTargetDependency section */

/* Begin PBXVariantGroup section */
		BCAC2AC91AEAB97E0058F2B0 /* LaunchScreen.xib */ = {
			isa = PBXVariantGroup;
			children = (
				BCAC2ACA1AEAB97E0058F2B0 /* Base */,
			);
			name = LaunchScreen.xib;
			sourceTree = "<group>";
		};
/* End PBXVariantGroup section */

/* Begin XCBuildConfiguration section */
		BCAC2AD81AEAB97E0058F2B0 /* Debug */ = {
			isa = XCBuildConfiguration;
			buildSettings = {
				ALWAYS_SEARCH_USER_PATHS = NO;
				CLANG_CXX_LANGUAGE_STANDARD = "gnu++0x";
				CLANG_CXX_LIBRARY = "libc++";
				CLANG_ENABLE_MODULES = YES;
				CLANG_ENABLE_OBJC_ARC = YES;
				CLANG_WARN_BOOL_CONVERSION = YES;
				CLANG_WARN_CONSTANT_CONVERSION = YES;
				CLANG_WARN_DIRECT_OBJC_ISA_USAGE = YES_ERROR;
				CLANG_WARN_EMPTY_BODY = YES;
				CLANG_WARN_ENUM_CONVERSION = YES;
				CLANG_WARN_INT_CONVERSION = YES;
				CLANG_WARN_OBJC_ROOT_CLASS = YES_ERROR;
				CLANG_WARN_UNREACHABLE_CODE = YES;
				CLANG_WARN__DUPLICATE_METHOD_MATCH = YES;
				"CODE_SIGN_IDENTITY[sdk=iphoneos*]" = "iPhone Developer";
				COPY_PHASE_STRIP = NO;
				DEBUG_INFORMATION_FORMAT = "dwarf-with-dsym";
				ENABLE_STRICT_OBJC_MSGSEND = YES;
				GCC_C_LANGUAGE_STANDARD = gnu99;
				GCC_DYNAMIC_NO_PIC = NO;
				GCC_NO_COMMON_BLOCKS = YES;
				GCC_OPTIMIZATION_LEVEL = 0;
				GCC_PREPROCESSOR_DEFINITIONS = (
					"DEBUG=1",
					"$(inherited)",
				);
				GCC_SYMBOLS_PRIVATE_EXTERN = NO;
				GCC_WARN_64_TO_32_BIT_CONVERSION = YES;
				GCC_WARN_ABOUT_RETURN_TYPE = YES_ERROR;
				GCC_WARN_UNDECLARED_SELECTOR = YES;
				GCC_WARN_UNINITIALIZED_AUTOS = YES_AGGRESSIVE;
				GCC_WARN_UNUSED_FUNCTION = YES;
				GCC_WARN_UNUSED_VARIABLE = YES;
				IPHONEOS_DEPLOYMENT_TARGET = 8.3;
				MTL_ENABLE_DEBUG_INFO = YES;
				ONLY_ACTIVE_ARCH = YES;
				SDKROOT = iphoneos;
				TARGETED_DEVICE_FAMILY = "1,2";
			};
			name = Debug;
		};
		BCAC2AD91AEAB97E0058F2B0 /* Release */ = {
			isa = XCBuildConfiguration;
			buildSettings = {
				ALWAYS_SEARCH_USER_PATHS = NO;
				CLANG_CXX_LANGUAGE_STANDARD = "gnu++0x";
				CLANG_CXX_LIBRARY = "libc++";
				CLANG_ENABLE_MODULES = YES;
				CLANG_ENABLE_OBJC_ARC = YES;
				CLANG_WARN_BOOL_CONVERSION = YES;
				CLANG_WARN_CONSTANT_CONVERSION = YES;
				CLANG_WARN_DIRECT_OBJC_ISA_USAGE = YES_ERROR;
				CLANG_WARN_EMPTY_BODY = YES;
				CLANG_WARN_ENUM_CONVERSION = YES;
				CLANG_WARN_INT_CONVERSION = YES;
				CLANG_WARN_OBJC_ROOT_CLASS = YES_ERROR;
				CLANG_WARN_UNREACHABLE_CODE = YES;
				CLANG_WARN__DUPLICATE_METHOD_MATCH = YES;
				"CODE_SIGN_IDENTITY[sdk=iphoneos*]" = "iPhone Developer";
				COPY_PHASE_STRIP = NO;
				DEBUG_INFORMATION_FORMAT = "dwarf-with-dsym";
				ENABLE_NS_ASSERTIONS = NO;
				ENABLE_STRICT_OBJC_MSGSEND = YES;
				GCC_C_LANGUAGE_STANDARD = gnu99;
				GCC_NO_COMMON_BLOCKS = YES;
				GCC_WARN_64_TO_32_BIT_CONVERSION = YES;
				GCC_WARN_ABOUT_RETURN_TYPE = YES_ERROR;
				GCC_WARN_UNDECLARED_SELECTOR = YES;
				GCC_WARN_UNINITIALIZED_AUTOS = YES_AGGRESSIVE;
				GCC_WARN_UNUSED_FUNCTION = YES;
				GCC_WARN_UNUSED_VARIABLE = YES;
				IPHONEOS_DEPLOYMENT_TARGET = 8.3;
				MTL_ENABLE_DEBUG_INFO = NO;
				SDKROOT = iphoneos;
				TARGETED_DEVICE_FAMILY = "1,2";
				VALIDATE_PRODUCT = YES;
			};
			name = Release;
		};
		BCAC2ADB1AEAB97E0058F2B0 /* Debug */ = {
			isa = XCBuildConfiguration;
			buildSettings = {
				ASSETCATALOG_COMPILER_APPICON_NAME = AppIcon;
				INFOPLIST_FILE = RKExample/Info.plist;
				LD_RUNPATH_SEARCH_PATHS = "$(inherited) @executable_path/Frameworks";
				PRODUCT_NAME = "$(TARGET_NAME)";
			};
			name = Debug;
		};
		BCAC2ADC1AEAB97E0058F2B0 /* Release */ = {
			isa = XCBuildConfiguration;
			buildSettings = {
				ASSETCATALOG_COMPILER_APPICON_NAME = AppIcon;
				INFOPLIST_FILE = RKExample/Info.plist;
				LD_RUNPATH_SEARCH_PATHS = "$(inherited) @executable_path/Frameworks";
				PRODUCT_NAME = "$(TARGET_NAME)";
			};
			name = Release;
		};
		BCAC2ADE1AEAB97E0058F2B0 /* Debug */ = {
			isa = XCBuildConfiguration;
			buildSettings = {
				BUNDLE_LOADER = "$(TEST_HOST)";
				FRAMEWORK_SEARCH_PATHS = (
					"$(SDKROOT)/Developer/Library/Frameworks",
					"$(inherited)",
				);
				GCC_PREPROCESSOR_DEFINITIONS = (
					"DEBUG=1",
					"$(inherited)",
				);
				INFOPLIST_FILE = RKExampleTests/Info.plist;
				LD_RUNPATH_SEARCH_PATHS = "$(inherited) @executable_path/Frameworks @loader_path/Frameworks";
				PRODUCT_NAME = "$(TARGET_NAME)";
				TEST_HOST = "$(BUILT_PRODUCTS_DIR)/RKExample.app/RKExample";
			};
			name = Debug;
		};
		BCAC2ADF1AEAB97E0058F2B0 /* Release */ = {
			isa = XCBuildConfiguration;
			buildSettings = {
				BUNDLE_LOADER = "$(TEST_HOST)";
				FRAMEWORK_SEARCH_PATHS = (
					"$(SDKROOT)/Developer/Library/Frameworks",
					"$(inherited)",
				);
				INFOPLIST_FILE = RKExampleTests/Info.plist;
				LD_RUNPATH_SEARCH_PATHS = "$(inherited) @executable_path/Frameworks @loader_path/Frameworks";
				PRODUCT_NAME = "$(TARGET_NAME)";
				TEST_HOST = "$(BUILT_PRODUCTS_DIR)/RKExample.app/RKExample";
			};
			name = Release;
		};
/* End XCBuildConfiguration section */

/* Begin XCConfigurationList section */
		BCAC2AB21AEAB97D0058F2B0 /* Build configuration list for PBXProject "RKExample" */ = {
			isa = XCConfigurationList;
			buildConfigurations = (
				BCAC2AD81AEAB97E0058F2B0 /* Debug */,
				BCAC2AD91AEAB97E0058F2B0 /* Release */,
			);
			defaultConfigurationIsVisible = 0;
			defaultConfigurationName = Release;
		};
		BCAC2ADA1AEAB97E0058F2B0 /* Build configuration list for PBXNativeTarget "RKExample" */ = {
			isa = XCConfigurationList;
			buildConfigurations = (
				BCAC2ADB1AEAB97E0058F2B0 /* Debug */,
				BCAC2ADC1AEAB97E0058F2B0 /* Release */,
			);
			defaultConfigurationIsVisible = 0;
			defaultConfigurationName = Release;
		};
		BCAC2ADD1AEAB97E0058F2B0 /* Build configuration list for PBXNativeTarget "RKExampleTests" */ = {
			isa = XCConfigurationList;
			buildConfigurations = (
				BCAC2ADE1AEAB97E0058F2B0 /* Debug */,
				BCAC2ADF1AEAB97E0058F2B0 /* Release */,
			);
			defaultConfigurationIsVisible = 0;
			defaultConfigurationName = Release;
		};
/* End XCConfigurationList section */
	};
	rootObject = BCAC2AAF1AEAB97D0058F2B0 /* Project object */;
}
